PODS:
  - ModesoNavigationTabs (1.0.0)

DEPENDENCIES:
  - ModesoNavigationTabs (from `https://github.com/Modeso/ModesoNavigationTabs.git`)

EXTERNAL SOURCES:
  ModesoNavigationTabs:
    :git: https://github.com/Modeso/ModesoNavigationTabs.git

CHECKOUT OPTIONS:
  ModesoNavigationTabs:
    :commit: 4089a6f6ec7b6aca44125cd4b90b65456818707e
    :git: https://github.com/Modeso/ModesoNavigationTabs.git

SPEC CHECKSUMS:
  ModesoNavigationTabs: b9be1b8d05fc6eb8bd5604cd3898965a35b2fc5f

PODFILE CHECKSUM: 4fa1515ce8cf88d4bdf86199f639e931cea38af7

COCOAPODS: 1.2.0
