PODS:
  - MNavigationTabs (1.0.0)

DEPENDENCIES:
  - MNavigationTabs (from `https://github.com/Modeso/MNavigationTabs.git`, branch `Supporting_Cycles`)

EXTERNAL SOURCES:
  MNavigationTabs:
    :branch: Supporting_Cycles
    :git: https://github.com/Modeso/MNavigationTabs.git

CHECKOUT OPTIONS:
  MNavigationTabs:
    :commit: d58e7045c22999168a282bb660c74d93f04bb84e
    :git: https://github.com/Modeso/MNavigationTabs.git

SPEC CHECKSUMS:
  MNavigationTabs: 4d08ac5a8e23bf19e229ae44d9189221bbbee532

PODFILE CHECKSUM: 2bd55c8dfea173624a62d5614e96047c2ce472d5

COCOAPODS: 1.2.0
